
Microsoft Visual Studio Solution File, Format Version 12.00
# Visual Studio Version 16
VisualStudioVersion = 16.0.31702.278
MinimumVisualStudioVersion = 10.0.40219.1
Project("{FAE04EC0-301F-11D3-BF4B-00C04F79EFBC}") = "ConsoleApp4", "ConsoleApp4\ConsoleApp4.csproj", "{C9C87CA3-54BA-4660-A154-6B9696F0B5C1}"
EndProject
Project("{FAE04EC0-301F-11D3-BF4B-00C04F79EFBC}") = "ConsoleApp1", "ConsoleApp1\ConsoleApp1.csproj", "{D0DA14D4-A663-4794-A386-D0278396BC37}"
EndProject
Project("{FAE04EC0-301F-11D3-BF4B-00C04F79EFBC}") = "ConsoleApp2", "ConsoleApp2\ConsoleApp2.csproj", "{58577771-3FD3-45B4-90AF-722961FBAD37}"
EndProject
Global
	GlobalSection(SolutionConfigurationPlatforms) = preSolution
		Debug|Any CPU = Debug|Any CPU
		Release|Any CPU = Release|Any CPU
	EndGlobalSection
	GlobalSection(ProjectConfigurationPlatforms) = postSolution
		{C9C87CA3-54BA-4660-A154-6B9696F0B5C1}.Debug|Any CPU.ActiveCfg = Debug|Any CPU
		{C9C87CA3-54BA-4660-A154-6B9696F0B5C1}.Debug|Any CPU.Build.0 = Debug|Any CPU
		{C9C87CA3-54BA-4660-A154-6B9696F0B5C1}.Release|Any CPU.ActiveCfg = Release|Any CPU
		{C9C87CA3-54BA-4660-A154-6B9696F0B5C1}.Release|Any CPU.Build.0 = Release|Any CPU
		{D0DA14D4-A663-4794-A386-D0278396BC37}.Debug|Any CPU.ActiveCfg = Debug|Any CPU
		{D0DA14D4-A663-4794-A386-D0278396BC37}.Debug|Any CPU.Build.0 = Debug|Any CPU
		{D0DA14D4-A663-4794-A386-D0278396BC37}.Release|Any CPU.ActiveCfg = Release|Any CPU
		{D0DA14D4-A663-4794-A386-D0278396BC37}.Release|Any CPU.Build.0 = Release|Any CPU
		{58577771-3FD3-45B4-90AF-722961FBAD37}.Debug|Any CPU.ActiveCfg = Debug|Any CPU
		{58577771-3FD3-45B4-90AF-722961FBAD37}.Debug|Any CPU.Build.0 = Debug|Any CPU
		{58577771-3FD3-45B4-90AF-722961FBAD37}.Release|Any CPU.ActiveCfg = Release|Any CPU
		{58577771-3FD3-45B4-90AF-722961FBAD37}.Release|Any CPU.Build.0 = Release|Any CPU
	EndGlobalSection
	GlobalSection(SolutionProperties) = preSolution
		HideSolutionNode = FALSE
	EndGlobalSection
	GlobalSection(ExtensibilityGlobals) = postSolution
		SolutionGuid = {7CDD4ED6-AFCA-4DED-91F1-B8944A3473AB}
	EndGlobalSection
EndGlobal
